<?xml version="1.0" encoding="utf-8"?>
<Project ToolsVersion="4.0" xmlns="http://schemas.microsoft.com/developer/msbuild/2003">
  <ItemGroup>
    <ApplicationDefinition Include="App.xaml" />
  </ItemGroup>
  <ItemGroup>
    <ClCompile Include="Box2D\Collision\b2BroadPhase.cpp" />
    <ClCompile Include="Box2D\Collision\b2CollideCircle.cpp" />
    <ClCompile Include="Box2D\Collision\b2CollideEdge.cpp" />
    <ClCompile Include="Box2D\Collision\b2CollidePolygon.cpp" />
    <ClCompile Include="Box2D\Collision\b2Collision.cpp" />
    <ClCompile Include="Box2D\Collision\b2Distance.cpp" />
    <ClCompile Include="Box2D\Collision\b2DynamicTree.cpp" />
    <ClCompile Include="Box2D\Collision\b2TimeOfImpact.cpp" />
    <ClCompile Include="Box2D\Collision\Shapes\b2ChainShape.cpp" />
    <ClCompile Include="Box2D\Collision\Shapes\b2CircleShape.cpp" />
    <ClCompile Include="Box2D\Collision\Shapes\b2EdgeShape.cpp" />
    <ClCompile Include="Box2D\Collision\Shapes\b2PolygonShape.cpp" />
    <ClCompile Include="Box2D\Common\b2BlockAllocator.cpp" />
    <ClCompile Include="Box2D\Common\b2Draw.cpp" />
    <ClCompile Include="Box2D\Common\b2Math.cpp" />
    <ClCompile Include="Box2D\Common\b2Settings.cpp" />
    <ClCompile Include="Box2D\Common\b2StackAllocator.cpp" />
    <ClCompile Include="Box2D\Common\b2Timer.cpp" />
    <ClCompile Include="Box2D\Dynamics\b2Body.cpp" />
    <ClCompile Include="Box2D\Dynamics\b2ContactManager.cpp" />
    <ClCompile Include="Box2D\Dynamics\b2Fixture.cpp" />
    <ClCompile Include="Box2D\Dynamics\b2Island.cpp" />
    <ClCompile Include="Box2D\Dynamics\b2World.cpp" />
    <ClCompile Include="Box2D\Dynamics\b2WorldCallbacks.cpp" />
    <ClCompile Include="Box2D\Dynamics\Contacts\b2ChainAndCircleContact.cpp" />
    <ClCompile Include="Box2D\Dynamics\Contacts\b2ChainAndPolygonContact.cpp" />
    <ClCompile Include="Box2D\Dynamics\Contacts\b2CircleContact.cpp" />
    <ClCompile Include="Box2D\Dynamics\Contacts\b2Contact.cpp" />
    <ClCompile Include="Box2D\Dynamics\Contacts\b2ContactSolver.cpp" />
    <ClCompile Include="Box2D\Dynamics\Contacts\b2EdgeAndCircleContact.cpp" />
    <ClCompile Include="Box2D\Dynamics\Contacts\b2EdgeAndPolygonContact.cpp" />
    <ClCompile Include="Box2D\Dynamics\Contacts\b2PolygonAndCircleContact.cpp" />
    <ClCompile Include="Box2D\Dynamics\Contacts\b2PolygonContact.cpp" />
    <ClCompile Include="Box2D\Dynamics\Joints\b2DistanceJoint.cpp" />
    <ClCompile Include="Box2D\Dynamics\Joints\b2FrictionJoint.cpp" />
    <ClCompile Include="Box2D\Dynamics\Joints\b2GearJoint.cpp" />
    <ClCompile Include="Box2D\Dynamics\Joints\b2Joint.cpp" />
    <ClCompile Include="Box2D\Dynamics\Joints\b2MouseJoint.cpp" />
    <ClCompile Include="Box2D\Dynamics\Joints\b2PrismaticJoint.cpp" />
    <ClCompile Include="Box2D\Dynamics\Joints\b2PulleyJoint.cpp" />
    <ClCompile Include="Box2D\Dynamics\Joints\b2RevoluteJoint.cpp" />
    <ClCompile Include="Box2D\Dynamics\Joints\b2RopeJoint.cpp" />
    <ClCompile Include="Box2D\Dynamics\Joints\b2WeldJoint.cpp" />
    <ClCompile Include="Box2D\Dynamics\Joints\b2WheelJoint.cpp" />
    <ClCompile Include="Box2D\Rope\b2Rope.cpp" />
    <ClCompile Include="DirectXPage.xaml.cpp" />
    <ClCompile Include="pch.cpp" />
    <ClCompile Include="App.xaml.cpp" />
    <ClCompile Include=".\Engine\Controller.cpp" />
    <ClCompile Include=".\Engine\DirectXBase.cpp" />
    <ClCompile Include=".\Engine\DirectXInitializer.cpp" />
    <ClCompile Include=".\Engine\GameContactListener.cpp" />
    <ClCompile Include=".\Engine\GameObject.cpp" />
    <ClCompile Include=".\Engine\Layer.cpp" />
    <ClCompile Include=".\Engine\Main.cpp" />
    <ClCompile Include=".\Engine\Particles.cpp" />
    <ClCompile Include=".\Engine\Texture.cpp" />
    <ClCompile Include="UserMain.cpp" />
    <ClCompile Include="Engine\ParticleManager.cpp" />
    <ClCompile Include="Engine\Loader.cpp" />
    <ClCompile Include="Engine\TextureManager.cpp" />
    <ClCompile Include=".\Engine\Text.cpp" />
    <ClCompile Include="Engine\MediaStreamer.cpp" />
    <ClCompile Include="Engine\AudioEngine.cpp" />
    <ClCompile Include="Game\Background.cpp" />
    <ClCompile Include="Game\Btn.cpp" />
    <ClCompile Include="Game\Pigeon.cpp" />
    <ClCompile Include="Game\Player.cpp" />
    <ClCompile Include="Game\TextObject.cpp" />
    <ClCompile Include="Game\Ground.cpp" />
    <ClCompile Include="Game\LampPost.cpp" />
  </ItemGroup>
  <ItemGroup>
    <ClInclude Include="Box2D\Box2D.h" />
    <ClInclude Include="Box2D\Collision\b2BroadPhase.h" />
    <ClInclude Include="Box2D\Collision\b2Collision.h" />
    <ClInclude Include="Box2D\Collision\b2Distance.h" />
    <ClInclude Include="Box2D\Collision\b2DynamicTree.h" />
    <ClInclude Include="Box2D\Collision\b2TimeOfImpact.h" />
    <ClInclude Include="Box2D\Collision\Shapes\b2ChainShape.h" />
    <ClInclude Include="Box2D\Collision\Shapes\b2CircleShape.h" />
    <ClInclude Include="Box2D\Collision\Shapes\b2EdgeShape.h" />
    <ClInclude Include="Box2D\Collision\Shapes\b2PolygonShape.h" />
    <ClInclude Include="Box2D\Collision\Shapes\b2Shape.h" />
    <ClInclude Include="Box2D\Common\b2BlockAllocator.h" />
    <ClInclude Include="Box2D\Common\b2Draw.h" />
    <ClInclude Include="Box2D\Common\b2GrowableStack.h" />
    <ClInclude Include="Box2D\Common\b2Math.h" />
    <ClInclude Include="Box2D\Common\b2Settings.h" />
    <ClInclude Include="Box2D\Common\b2StackAllocator.h" />
    <ClInclude Include="Box2D\Common\b2Timer.h" />
    <ClInclude Include="Box2D\Dynamics\b2Body.h" />
    <ClInclude Include="Box2D\Dynamics\b2ContactManager.h" />
    <ClInclude Include="Box2D\Dynamics\b2Fixture.h" />
    <ClInclude Include="Box2D\Dynamics\b2Island.h" />
    <ClInclude Include="Box2D\Dynamics\b2TimeStep.h" />
    <ClInclude Include="Box2D\Dynamics\b2World.h" />
    <ClInclude Include="Box2D\Dynamics\b2WorldCallbacks.h" />
    <ClInclude Include="Box2D\Dynamics\Contacts\b2ChainAndCircleContact.h" />
    <ClInclude Include="Box2D\Dynamics\Contacts\b2ChainAndPolygonContact.h" />
    <ClInclude Include="Box2D\Dynamics\Contacts\b2CircleContact.h" />
    <ClInclude Include="Box2D\Dynamics\Contacts\b2Contact.h" />
    <ClInclude Include="Box2D\Dynamics\Contacts\b2ContactSolver.h" />
    <ClInclude Include="Box2D\Dynamics\Contacts\b2EdgeAndCircleContact.h" />
    <ClInclude Include="Box2D\Dynamics\Contacts\b2EdgeAndPolygonContact.h" />
    <ClInclude Include="Box2D\Dynamics\Contacts\b2PolygonAndCircleContact.h" />
    <ClInclude Include="Box2D\Dynamics\Contacts\b2PolygonContact.h" />
    <ClInclude Include="Box2D\Dynamics\Joints\b2DistanceJoint.h" />
    <ClInclude Include="Box2D\Dynamics\Joints\b2FrictionJoint.h" />
    <ClInclude Include="Box2D\Dynamics\Joints\b2GearJoint.h" />
    <ClInclude Include="Box2D\Dynamics\Joints\b2Joint.h" />
    <ClInclude Include="Box2D\Dynamics\Joints\b2MouseJoint.h" />
    <ClInclude Include="Box2D\Dynamics\Joints\b2PrismaticJoint.h" />
    <ClInclude Include="Box2D\Dynamics\Joints\b2PulleyJoint.h" />
    <ClInclude Include="Box2D\Dynamics\Joints\b2RevoluteJoint.h" />
    <ClInclude Include="Box2D\Dynamics\Joints\b2RopeJoint.h" />
    <ClInclude Include="Box2D\Dynamics\Joints\b2WeldJoint.h" />
    <ClInclude Include="Box2D\Dynamics\Joints\b2WheelJoint.h" />
    <ClInclude Include="Box2D\Rope\b2Rope.h" />
    <ClInclude Include="pch.h" />
    <ClInclude Include="App.xaml.h" />
    <ClInclude Include="DirectXPage.xaml.h" />
    <ClInclude Include=".\Engine\BasicTimer.h" />
    <ClInclude Include=".\Engine\Controller.h" />
    <ClInclude Include=".\Engine\DirectXBase.h" />
    <ClInclude Include=".\Engine\DirectXHelper.h" />
    <ClInclude Include=".\Engine\DirectXInitializer.h" />
    <ClInclude Include=".\Engine\GameContactListener.h" />
    <ClInclude Include=".\Engine\GameObject.h" />
    <ClInclude Include=".\Engine\Layer.h" />
    <ClInclude Include=".\Engine\Main.h" />
    <ClInclude Include=".\Engine\Particles.h" />
    <ClInclude Include=".\Engine\Texture.h" />
    <ClInclude Include="UserMain.h" />
    <ClInclude Include="Engine\ParticleManager.h" />
    <ClInclude Include="Engine\Loader.h" />
    <ClInclude Include="Engine\TextureManager.h" />
    <ClInclude Include=".\Engine\Text.h" />
    <ClInclude Include="Engine\BasicMath.h" />
    <ClInclude Include="Engine\MediaStreamer.h" />
    <ClInclude Include="Engine\AudioEngine.h" />
    <ClInclude Include="Game\Background.h" />
    <ClInclude Include="Game\Btn.h" />
    <ClInclude Include="Game\Pigeon.h" />
    <ClInclude Include="Game\Player.h" />
    <ClInclude Include="Game\TextObject.h" />
    <ClInclude Include="resource.h" />
    <ClInclude Include="Game\Ground.h" />
    <ClInclude Include="Game\LampPost.h" />
  </ItemGroup>
  <ItemGroup>
    <None Include="Box2D\Box2DConfig.cmake" />
    <None Include="Pigeon Alert_TemporaryKey.pfx" />
  </ItemGroup>
  <ItemGroup>
    <Text Include="Box2D\CMakeLists.txt" />
  </ItemGroup>
  <ItemGroup>
    <Page Include="Common\StandardStyles.xaml" />
    <Page Include="DirectXPage.xaml" />
  </ItemGroup>
  <ItemGroup>
    <Image Include="Assets\button.png" />
    <Image Include="Assets\Logo.png" />
    <Image Include="Assets\SmallLogo.png" />
    <Image Include="Assets\SplashScreen.png" />
    <Image Include="Assets\Textures\background.png" />
    <Image Include="Assets\Textures\palace.png" />
    <Image Include="Assets\Textures\Pigeon\pigeon-sprite.png" />
    <Image Include="Assets\Textures\Lamp\lamp-back.png" />
    <Image Include="Assets\Textures\Lamp\lamp-front.png" />
    <Image Include="Assets\Textures\Lamp\lamp-side.png" />
    <Image Include="Assets\Textures\Ground\concrete.png" />
    <Image Include="Assets\Textures\Ground\grass.png" />
    <Image Include="Assets\Textures\Pigeon\pigeon-idle.png" />
  </ItemGroup>
  <ItemGroup>
    <AppxManifest Include="Package.appxmanifest" />
  </ItemGroup>
  <ItemGroup>
    <Media Include="Assets\Audio\background.wav" />
  </ItemGroup>
</Project>